// !$*UTF8*$!
{
	archiveVersion = 1;
	classes = {
	};
	objectVersion = 56;
	objects = {

/* Begin PBXBuildFile section */
		282D98BA2A34BB710023616F /* HomeScreen.swift in Sources */ = {isa = PBXBuildFile; fileRef = 282D98B92A34BB710023616F /* HomeScreen.swift */; };
		282D98BD2A34E8500023616F /* WildernessView.swift in Sources */ = {isa = PBXBuildFile; fileRef = 282D98BC2A34E8500023616F /* WildernessView.swift */; };
		282D98C32A34F27E0023616F /* Pokedex.swift in Sources */ = {isa = PBXBuildFile; fileRef = 282D98C22A34F27E0023616F /* Pokedex.swift */; };
		282D98C72A3500A50023616F /* PokedexView.swift in Sources */ = {isa = PBXBuildFile; fileRef = 282D98C62A3500A50023616F /* PokedexView.swift */; };
		282D98C92A3501680023616F /* PokemonCardSmall.swift in Sources */ = {isa = PBXBuildFile; fileRef = 282D98C82A3501680023616F /* PokemonCardSmall.swift */; };
		282D98CB2A3506610023616F /* PokemonDetailsView.swift in Sources */ = {isa = PBXBuildFile; fileRef = 282D98CA2A3506610023616F /* PokemonDetailsView.swift */; };
		282D98CD2A35372A0023616F /* PokemonTeam.swift in Sources */ = {isa = PBXBuildFile; fileRef = 282D98CC2A35372A0023616F /* PokemonTeam.swift */; };
		2841563D2A388E4B00FE5F19 /* PokemonDataUtils.swift in Sources */ = {isa = PBXBuildFile; fileRef = 2841563C2A388E4B00FE5F19 /* PokemonDataUtils.swift */; };
		2841563F2A388EB400FE5F19 /* EvolutionChainDataUtils.swift in Sources */ = {isa = PBXBuildFile; fileRef = 2841563E2A388EB400FE5F19 /* EvolutionChainDataUtils.swift */; };
		284156412A388F0C00FE5F19 /* PokedexDataUtils.swift in Sources */ = {isa = PBXBuildFile; fileRef = 284156402A388F0C00FE5F19 /* PokedexDataUtils.swift */; };
		284156452A388F4200FE5F19 /* PokemonTeamDataUtils.swift in Sources */ = {isa = PBXBuildFile; fileRef = 284156442A388F4200FE5F19 /* PokemonTeamDataUtils.swift */; };
		284156472A38A37B00FE5F19 /* PokemonTeamListView.swift in Sources */ = {isa = PBXBuildFile; fileRef = 284156462A38A37B00FE5F19 /* PokemonTeamListView.swift */; };
		284633062A349FC800ACECEC /* Color.swift in Sources */ = {isa = PBXBuildFile; fileRef = 284633052A349FC800ACECEC /* Color.swift */; };
		284633082A34ADF500ACECEC /* EvolutionChain.swift in Sources */ = {isa = PBXBuildFile; fileRef = 284633072A34ADF500ACECEC /* EvolutionChain.swift */; };
		2862AEB22A40CE9400F793B0 /* PokeCenterView.swift in Sources */ = {isa = PBXBuildFile; fileRef = 2862AEB12A40CE9400F793B0 /* PokeCenterView.swift */; };
		2862AEB92A40D2E900F793B0 /* poke-center-healing-still.png in Resources */ = {isa = PBXBuildFile; fileRef = 2862AEB72A40D2E900F793B0 /* poke-center-healing-still.png */; };
		2862AEBA2A40D2E900F793B0 /* poke-center-healing.gif in Resources */ = {isa = PBXBuildFile; fileRef = 2862AEB82A40D2E900F793B0 /* poke-center-healing.gif */; };
		286B93152A3B6E6C00247EBE /* Weakness.swift in Sources */ = {isa = PBXBuildFile; fileRef = 286B93142A3B6E6C00247EBE /* Weakness.swift */; };
		286C05C52A48A5E700F42FE7 /* Bag.swift in Sources */ = {isa = PBXBuildFile; fileRef = 286C05C42A48A5E700F42FE7 /* Bag.swift */; };
		286C05C82A48A7E800F42FE7 /* ModalView in Frameworks */ = {isa = PBXBuildFile; productRef = 286C05C72A48A7E800F42FE7 /* ModalView */; };
		287E3F862A44FD15003F895B /* question-mark-pixelated-white.png in Resources */ = {isa = PBXBuildFile; fileRef = 287E3F852A44FD15003F895B /* question-mark-pixelated-white.png */; };
		287FF1702A3DCAF000D90B79 /* CpuFight.swift in Sources */ = {isa = PBXBuildFile; fileRef = 287FF16F2A3DCAF000D90B79 /* CpuFight.swift */; };
		287FF1732A3DCBF000D90B79 /* PokemonFightView.swift in Sources */ = {isa = PBXBuildFile; fileRef = 287FF1722A3DCBF000D90B79 /* PokemonFightView.swift */; };
		28A196D92A3496480080AC1D /* Pokemon.swift in Sources */ = {isa = PBXBuildFile; fileRef = 28A196D82A3496480080AC1D /* Pokemon.swift */; };
		28A196DB2A34968B0080AC1D /* Stat.swift in Sources */ = {isa = PBXBuildFile; fileRef = 28A196DA2A34968B0080AC1D /* Stat.swift */; };
		28A196DD2A3496CA0080AC1D /* Move.swift in Sources */ = {isa = PBXBuildFile; fileRef = 28A196DC2A3496CA0080AC1D /* Move.swift */; };
		28A196DF2A3496E70080AC1D /* PokemonType.swift in Sources */ = {isa = PBXBuildFile; fileRef = 28A196DE2A3496E70080AC1D /* PokemonType.swift */; };
		28B71E452A312787006BC32F /* PokePlayApp.swift in Sources */ = {isa = PBXBuildFile; fileRef = 28B71E442A312787006BC32F /* PokePlayApp.swift */; };
		28B71E472A312787006BC32F /* SplashScreen.swift in Sources */ = {isa = PBXBuildFile; fileRef = 28B71E462A312787006BC32F /* SplashScreen.swift */; };
		28B71E492A312788006BC32F /* Assets.xcassets in Resources */ = {isa = PBXBuildFile; fileRef = 28B71E482A312788006BC32F /* Assets.xcassets */; };
		28B71E4C2A312788006BC32F /* Preview Assets.xcassets in Resources */ = {isa = PBXBuildFile; fileRef = 28B71E4B2A312788006BC32F /* Preview Assets.xcassets */; };
		28B71E562A312788006BC32F /* PokePlayTests.swift in Sources */ = {isa = PBXBuildFile; fileRef = 28B71E552A312788006BC32F /* PokePlayTests.swift */; };
		28B71E602A312788006BC32F /* PokePlayUITests.swift in Sources */ = {isa = PBXBuildFile; fileRef = 28B71E5F2A312788006BC32F /* PokePlayUITests.swift */; };
		28B71E622A312788006BC32F /* PokePlayUITestsLaunchTests.swift in Sources */ = {isa = PBXBuildFile; fileRef = 28B71E612A312788006BC32F /* PokePlayUITestsLaunchTests.swift */; };
		28B71E762A313C0F006BC32F /* PokemonStaticData.plist in Resources */ = {isa = PBXBuildFile; fileRef = 28B71E752A313C0F006BC32F /* PokemonStaticData.plist */; };
		28B71E782A313D91006BC32F /* StartingScreen.swift in Sources */ = {isa = PBXBuildFile; fileRef = 28B71E772A313D91006BC32F /* StartingScreen.swift */; };
		28B71E7A2A314580006BC32F /* SelectCharacterScreen.swift in Sources */ = {isa = PBXBuildFile; fileRef = 28B71E792A314580006BC32F /* SelectCharacterScreen.swift */; };
		28B71E962A316057006BC32F /* tall-grass-walking.gif in Resources */ = {isa = PBXBuildFile; fileRef = 28B71E8E2A316045006BC32F /* tall-grass-walking.gif */; };
		28B71E972A316057006BC32F /* tall-grass-walking-still.png in Resources */ = {isa = PBXBuildFile; fileRef = 28B71E8F2A316045006BC32F /* tall-grass-walking-still.png */; };
		28B71E982A316057006BC32F /* pokeplay-logo.png in Resources */ = {isa = PBXBuildFile; fileRef = 28B71E902A316045006BC32F /* pokeplay-logo.png */; };
		28B71E992A316057006BC32F /* pkmn-male-still.png in Resources */ = {isa = PBXBuildFile; fileRef = 28B71E912A316045006BC32F /* pkmn-male-still.png */; };
		28B71E9A2A316057006BC32F /* pkmn-male.gif in Resources */ = {isa = PBXBuildFile; fileRef = 28B71E922A316045006BC32F /* pkmn-male.gif */; };
		28B71E9B2A316057006BC32F /* pkmn-female-still.png in Resources */ = {isa = PBXBuildFile; fileRef = 28B71E932A316045006BC32F /* pkmn-female-still.png */; };
		28B71E9C2A316057006BC32F /* pkmn-female.gif in Resources */ = {isa = PBXBuildFile; fileRef = 28B71E942A316045006BC32F /* pkmn-female.gif */; };
		28B71E9D2A316057006BC32F /* question-mark-pixelated.png in Resources */ = {isa = PBXBuildFile; fileRef = 28B71E952A316045006BC32F /* question-mark-pixelated.png */; };
		28B71EA32A31F164006BC32F /* SDWebImageSwiftUI in Frameworks */ = {isa = PBXBuildFile; productRef = 28B71EA22A31F164006BC32F /* SDWebImageSwiftUI */; };
		28B71EA52A3208C4006BC32F /* SelectStarterScreen.swift in Sources */ = {isa = PBXBuildFile; fileRef = 28B71EA42A3208C4006BC32F /* SelectStarterScreen.swift */; };
		28B71EA72A320E3B006BC32F /* PokeUtils.swift in Sources */ = {isa = PBXBuildFile; fileRef = 28B71EA62A320E3B006BC32F /* PokeUtils.swift */; };
		28F7C9582A4A0F2B00500F0C /* Trainer.swift in Sources */ = {isa = PBXBuildFile; fileRef = 28F7C9572A4A0F2B00500F0C /* Trainer.swift */; };
		28F7C95A2A4A0F8500500F0C /* Gym.swift in Sources */ = {isa = PBXBuildFile; fileRef = 28F7C9592A4A0F8500500F0C /* Gym.swift */; };
		28F7C95C2A4A13A100500F0C /* KantoGyms.swift in Sources */ = {isa = PBXBuildFile; fileRef = 28F7C95B2A4A13A100500F0C /* KantoGyms.swift */; };
		28F7C9602A4A2F3200500F0C /* BadgeUtils.swift in Sources */ = {isa = PBXBuildFile; fileRef = 28F7C95F2A4A2F3200500F0C /* BadgeUtils.swift */; };
		28F7C9622A4A2F6900500F0C /* Badge.swift in Sources */ = {isa = PBXBuildFile; fileRef = 28F7C9612A4A2F6900500F0C /* Badge.swift */; };
		28F7C9642A4A33EA00500F0C /* GymsView.swift in Sources */ = {isa = PBXBuildFile; fileRef = 28F7C9632A4A33EA00500F0C /* GymsView.swift */; };
		28F7C9662A4A439B00500F0C /* GymCardSmall.swift in Sources */ = {isa = PBXBuildFile; fileRef = 28F7C9652A4A439B00500F0C /* GymCardSmall.swift */; };
/* End PBXBuildFile section */

/* Begin PBXContainerItemProxy section */
		28B71E522A312788006BC32F /* PBXContainerItemProxy */ = {
			isa = PBXContainerItemProxy;
			containerPortal = 28B71E392A312787006BC32F /* Project object */;
			proxyType = 1;
			remoteGlobalIDString = 28B71E402A312787006BC32F;
			remoteInfo = PokePlay;
		};
		28B71E5C2A312788006BC32F /* PBXContainerItemProxy */ = {
			isa = PBXContainerItemProxy;
			containerPortal = 28B71E392A312787006BC32F /* Project object */;
			proxyType = 1;
			remoteGlobalIDString = 28B71E402A312787006BC32F;
			remoteInfo = PokePlay;
		};
/* End PBXContainerItemProxy section */

/* Begin PBXFileReference section */
		282D98B92A34BB710023616F /* HomeScreen.swift */ = {isa = PBXFileReference; lastKnownFileType = sourcecode.swift; path = HomeScreen.swift; sourceTree = "<group>"; };
		282D98BC2A34E8500023616F /* WildernessView.swift */ = {isa = PBXFileReference; lastKnownFileType = sourcecode.swift; path = WildernessView.swift; sourceTree = "<group>"; };
		282D98C22A34F27E0023616F /* Pokedex.swift */ = {isa = PBXFileReference; lastKnownFileType = sourcecode.swift; path = Pokedex.swift; sourceTree = "<group>"; };
		282D98C62A3500A50023616F /* PokedexView.swift */ = {isa = PBXFileReference; lastKnownFileType = sourcecode.swift; path = PokedexView.swift; sourceTree = "<group>"; };
		282D98C82A3501680023616F /* PokemonCardSmall.swift */ = {isa = PBXFileReference; lastKnownFileType = sourcecode.swift; path = PokemonCardSmall.swift; sourceTree = "<group>"; };
		282D98CA2A3506610023616F /* PokemonDetailsView.swift */ = {isa = PBXFileReference; lastKnownFileType = sourcecode.swift; path = PokemonDetailsView.swift; sourceTree = "<group>"; };
		282D98CC2A35372A0023616F /* PokemonTeam.swift */ = {isa = PBXFileReference; lastKnownFileType = sourcecode.swift; path = PokemonTeam.swift; sourceTree = "<group>"; };
		2841563C2A388E4B00FE5F19 /* PokemonDataUtils.swift */ = {isa = PBXFileReference; lastKnownFileType = sourcecode.swift; path = PokemonDataUtils.swift; sourceTree = "<group>"; };
		2841563E2A388EB400FE5F19 /* EvolutionChainDataUtils.swift */ = {isa = PBXFileReference; lastKnownFileType = sourcecode.swift; path = EvolutionChainDataUtils.swift; sourceTree = "<group>"; };
		284156402A388F0C00FE5F19 /* PokedexDataUtils.swift */ = {isa = PBXFileReference; lastKnownFileType = sourcecode.swift; path = PokedexDataUtils.swift; sourceTree = "<group>"; };
		284156442A388F4200FE5F19 /* PokemonTeamDataUtils.swift */ = {isa = PBXFileReference; lastKnownFileType = sourcecode.swift; path = PokemonTeamDataUtils.swift; sourceTree = "<group>"; };
		284156462A38A37B00FE5F19 /* PokemonTeamListView.swift */ = {isa = PBXFileReference; lastKnownFileType = sourcecode.swift; path = PokemonTeamListView.swift; sourceTree = "<group>"; };
		284633052A349FC800ACECEC /* Color.swift */ = {isa = PBXFileReference; lastKnownFileType = sourcecode.swift; path = Color.swift; sourceTree = "<group>"; };
		284633072A34ADF500ACECEC /* EvolutionChain.swift */ = {isa = PBXFileReference; lastKnownFileType = sourcecode.swift; path = EvolutionChain.swift; sourceTree = "<group>"; };
		2862AEB12A40CE9400F793B0 /* PokeCenterView.swift */ = {isa = PBXFileReference; lastKnownFileType = sourcecode.swift; path = PokeCenterView.swift; sourceTree = "<group>"; };
		2862AEB72A40D2E900F793B0 /* poke-center-healing-still.png */ = {isa = PBXFileReference; lastKnownFileType = image.png; path = "poke-center-healing-still.png"; sourceTree = "<group>"; };
		2862AEB82A40D2E900F793B0 /* poke-center-healing.gif */ = {isa = PBXFileReference; lastKnownFileType = image.gif; path = "poke-center-healing.gif"; sourceTree = "<group>"; };
		286B93142A3B6E6C00247EBE /* Weakness.swift */ = {isa = PBXFileReference; lastKnownFileType = sourcecode.swift; path = Weakness.swift; sourceTree = "<group>"; };
		286C05C42A48A5E700F42FE7 /* Bag.swift */ = {isa = PBXFileReference; lastKnownFileType = sourcecode.swift; path = Bag.swift; sourceTree = "<group>"; };
		287E3F852A44FD15003F895B /* question-mark-pixelated-white.png */ = {isa = PBXFileReference; lastKnownFileType = image.png; path = "question-mark-pixelated-white.png"; sourceTree = "<group>"; };
		287FF16F2A3DCAF000D90B79 /* CpuFight.swift */ = {isa = PBXFileReference; lastKnownFileType = sourcecode.swift; path = CpuFight.swift; sourceTree = "<group>"; };
		287FF1722A3DCBF000D90B79 /* PokemonFightView.swift */ = {isa = PBXFileReference; lastKnownFileType = sourcecode.swift; path = PokemonFightView.swift; sourceTree = "<group>"; };
		28A196D82A3496480080AC1D /* Pokemon.swift */ = {isa = PBXFileReference; lastKnownFileType = sourcecode.swift; path = Pokemon.swift; sourceTree = "<group>"; };
		28A196DA2A34968B0080AC1D /* Stat.swift */ = {isa = PBXFileReference; lastKnownFileType = sourcecode.swift; path = Stat.swift; sourceTree = "<group>"; };
		28A196DC2A3496CA0080AC1D /* Move.swift */ = {isa = PBXFileReference; lastKnownFileType = sourcecode.swift; path = Move.swift; sourceTree = "<group>"; };
		28A196DE2A3496E70080AC1D /* PokemonType.swift */ = {isa = PBXFileReference; lastKnownFileType = sourcecode.swift; path = PokemonType.swift; sourceTree = "<group>"; };
		28B71E412A312787006BC32F /* PokePlay.app */ = {isa = PBXFileReference; explicitFileType = wrapper.application; includeInIndex = 0; path = PokePlay.app; sourceTree = BUILT_PRODUCTS_DIR; };
		28B71E442A312787006BC32F /* PokePlayApp.swift */ = {isa = PBXFileReference; lastKnownFileType = sourcecode.swift; path = PokePlayApp.swift; sourceTree = "<group>"; };
		28B71E462A312787006BC32F /* SplashScreen.swift */ = {isa = PBXFileReference; lastKnownFileType = sourcecode.swift; path = SplashScreen.swift; sourceTree = "<group>"; };
		28B71E482A312788006BC32F /* Assets.xcassets */ = {isa = PBXFileReference; lastKnownFileType = folder.assetcatalog; path = Assets.xcassets; sourceTree = "<group>"; };
		28B71E4B2A312788006BC32F /* Preview Assets.xcassets */ = {isa = PBXFileReference; lastKnownFileType = folder.assetcatalog; path = "Preview Assets.xcassets"; sourceTree = "<group>"; };
		28B71E512A312788006BC32F /* PokePlayTests.xctest */ = {isa = PBXFileReference; explicitFileType = wrapper.cfbundle; includeInIndex = 0; path = PokePlayTests.xctest; sourceTree = BUILT_PRODUCTS_DIR; };
		28B71E552A312788006BC32F /* PokePlayTests.swift */ = {isa = PBXFileReference; lastKnownFileType = sourcecode.swift; path = PokePlayTests.swift; sourceTree = "<group>"; };
		28B71E5B2A312788006BC32F /* PokePlayUITests.xctest */ = {isa = PBXFileReference; explicitFileType = wrapper.cfbundle; includeInIndex = 0; path = PokePlayUITests.xctest; sourceTree = BUILT_PRODUCTS_DIR; };
		28B71E5F2A312788006BC32F /* PokePlayUITests.swift */ = {isa = PBXFileReference; lastKnownFileType = sourcecode.swift; path = PokePlayUITests.swift; sourceTree = "<group>"; };
		28B71E612A312788006BC32F /* PokePlayUITestsLaunchTests.swift */ = {isa = PBXFileReference; lastKnownFileType = sourcecode.swift; path = PokePlayUITestsLaunchTests.swift; sourceTree = "<group>"; };
		28B71E752A313C0F006BC32F /* PokemonStaticData.plist */ = {isa = PBXFileReference; lastKnownFileType = text.plist.xml; path = PokemonStaticData.plist; sourceTree = "<group>"; };
		28B71E772A313D91006BC32F /* StartingScreen.swift */ = {isa = PBXFileReference; lastKnownFileType = sourcecode.swift; path = StartingScreen.swift; sourceTree = "<group>"; };
		28B71E792A314580006BC32F /* SelectCharacterScreen.swift */ = {isa = PBXFileReference; lastKnownFileType = sourcecode.swift; path = SelectCharacterScreen.swift; sourceTree = "<group>"; };
		28B71E8E2A316045006BC32F /* tall-grass-walking.gif */ = {isa = PBXFileReference; lastKnownFileType = image.gif; path = "tall-grass-walking.gif"; sourceTree = "<group>"; };
		28B71E8F2A316045006BC32F /* tall-grass-walking-still.png */ = {isa = PBXFileReference; lastKnownFileType = image.png; path = "tall-grass-walking-still.png"; sourceTree = "<group>"; };
		28B71E902A316045006BC32F /* pokeplay-logo.png */ = {isa = PBXFileReference; lastKnownFileType = image.png; path = "pokeplay-logo.png"; sourceTree = "<group>"; };
		28B71E912A316045006BC32F /* pkmn-male-still.png */ = {isa = PBXFileReference; lastKnownFileType = image.png; path = "pkmn-male-still.png"; sourceTree = "<group>"; };
		28B71E922A316045006BC32F /* pkmn-male.gif */ = {isa = PBXFileReference; lastKnownFileType = image.gif; path = "pkmn-male.gif"; sourceTree = "<group>"; };
		28B71E932A316045006BC32F /* pkmn-female-still.png */ = {isa = PBXFileReference; lastKnownFileType = image.png; path = "pkmn-female-still.png"; sourceTree = "<group>"; };
		28B71E942A316045006BC32F /* pkmn-female.gif */ = {isa = PBXFileReference; lastKnownFileType = image.gif; path = "pkmn-female.gif"; sourceTree = "<group>"; };
		28B71E952A316045006BC32F /* question-mark-pixelated.png */ = {isa = PBXFileReference; lastKnownFileType = image.png; path = "question-mark-pixelated.png"; sourceTree = "<group>"; };
		28B71EA42A3208C4006BC32F /* SelectStarterScreen.swift */ = {isa = PBXFileReference; lastKnownFileType = sourcecode.swift; path = SelectStarterScreen.swift; sourceTree = "<group>"; };
		28B71EA62A320E3B006BC32F /* PokeUtils.swift */ = {isa = PBXFileReference; lastKnownFileType = sourcecode.swift; path = PokeUtils.swift; sourceTree = "<group>"; };
		28F7C9572A4A0F2B00500F0C /* Trainer.swift */ = {isa = PBXFileReference; lastKnownFileType = sourcecode.swift; path = Trainer.swift; sourceTree = "<group>"; };
		28F7C9592A4A0F8500500F0C /* Gym.swift */ = {isa = PBXFileReference; lastKnownFileType = sourcecode.swift; path = Gym.swift; sourceTree = "<group>"; };
		28F7C95B2A4A13A100500F0C /* KantoGyms.swift */ = {isa = PBXFileReference; lastKnownFileType = sourcecode.swift; path = KantoGyms.swift; sourceTree = "<group>"; };
		28F7C95F2A4A2F3200500F0C /* BadgeUtils.swift */ = {isa = PBXFileReference; lastKnownFileType = sourcecode.swift; path = BadgeUtils.swift; sourceTree = "<group>"; };
		28F7C9612A4A2F6900500F0C /* Badge.swift */ = {isa = PBXFileReference; lastKnownFileType = sourcecode.swift; path = Badge.swift; sourceTree = "<group>"; };
		28F7C9632A4A33EA00500F0C /* GymsView.swift */ = {isa = PBXFileReference; lastKnownFileType = sourcecode.swift; path = GymsView.swift; sourceTree = "<group>"; };
		28F7C9652A4A439B00500F0C /* GymCardSmall.swift */ = {isa = PBXFileReference; lastKnownFileType = sourcecode.swift; path = GymCardSmall.swift; sourceTree = "<group>"; };
/* End PBXFileReference section */

/* Begin PBXFrameworksBuildPhase section */
		28B71E3E2A312787006BC32F /* Frameworks */ = {
			isa = PBXFrameworksBuildPhase;
			buildActionMask = 2147483647;
			files = (
				28B71EA32A31F164006BC32F /* SDWebImageSwiftUI in Frameworks */,
				286C05C82A48A7E800F42FE7 /* ModalView in Frameworks */,
			);
			runOnlyForDeploymentPostprocessing = 0;
		};
		28B71E4E2A312788006BC32F /* Frameworks */ = {
			isa = PBXFrameworksBuildPhase;
			buildActionMask = 2147483647;
			files = (
			);
			runOnlyForDeploymentPostprocessing = 0;
		};
		28B71E582A312788006BC32F /* Frameworks */ = {
			isa = PBXFrameworksBuildPhase;
			buildActionMask = 2147483647;
			files = (
			);
			runOnlyForDeploymentPostprocessing = 0;
		};
/* End PBXFrameworksBuildPhase section */

/* Begin PBXGroup section */
		282D98B62A34BB420023616F /* Screens */ = {
			isa = PBXGroup;
			children = (
				282D98BB2A34E83B0023616F /* Views */,
				28B71E462A312787006BC32F /* SplashScreen.swift */,
				28B71E772A313D91006BC32F /* StartingScreen.swift */,
				28B71E792A314580006BC32F /* SelectCharacterScreen.swift */,
				28B71EA42A3208C4006BC32F /* SelectStarterScreen.swift */,
				282D98B92A34BB710023616F /* HomeScreen.swift */,
			);
			path = Screens;
			sourceTree = "<group>";
		};
		282D98BB2A34E83B0023616F /* Views */ = {
			isa = PBXGroup;
			children = (
				287FF1712A3DCBE200D90B79 /* Fights */,
				282D98BC2A34E8500023616F /* WildernessView.swift */,
				2862AEB12A40CE9400F793B0 /* PokeCenterView.swift */,
				282D98C62A3500A50023616F /* PokedexView.swift */,
				282D98CA2A3506610023616F /* PokemonDetailsView.swift */,
				284156462A38A37B00FE5F19 /* PokemonTeamListView.swift */,
				28F7C9632A4A33EA00500F0C /* GymsView.swift */,
			);
			path = Views;
			sourceTree = "<group>";
		};
		282D98BE2A34F2460023616F /* Complex */ = {
			isa = PBXGroup;
			children = (
				282D98C22A34F27E0023616F /* Pokedex.swift */,
				282D98CC2A35372A0023616F /* PokemonTeam.swift */,
				286C05C42A48A5E700F42FE7 /* Bag.swift */,
				28F7C95B2A4A13A100500F0C /* KantoGyms.swift */,
			);
			path = Complex;
			sourceTree = "<group>";
		};
		2841563B2A388E2E00FE5F19 /* DataUtils */ = {
			isa = PBXGroup;
			children = (
				2841563C2A388E4B00FE5F19 /* PokemonDataUtils.swift */,
				2841563E2A388EB400FE5F19 /* EvolutionChainDataUtils.swift */,
				284156402A388F0C00FE5F19 /* PokedexDataUtils.swift */,
				284156442A388F4200FE5F19 /* PokemonTeamDataUtils.swift */,
				28F7C95F2A4A2F3200500F0C /* BadgeUtils.swift */,
			);
			path = DataUtils;
			sourceTree = "<group>";
		};
		286B93132A3B6E6000247EBE /* BattleUtils */ = {
			isa = PBXGroup;
			children = (
				286B93142A3B6E6C00247EBE /* Weakness.swift */,
				287FF16F2A3DCAF000D90B79 /* CpuFight.swift */,
			);
			path = BattleUtils;
			sourceTree = "<group>";
		};
		287FF1712A3DCBE200D90B79 /* Fights */ = {
			isa = PBXGroup;
			children = (
				287FF1722A3DCBF000D90B79 /* PokemonFightView.swift */,
			);
			path = Fights;
			sourceTree = "<group>";
		};
		28A196D62A3496380080AC1D /* Entities */ = {
			isa = PBXGroup;
			children = (
				282D98BE2A34F2460023616F /* Complex */,
				28A196D82A3496480080AC1D /* Pokemon.swift */,
				28A196DA2A34968B0080AC1D /* Stat.swift */,
				28A196DC2A3496CA0080AC1D /* Move.swift */,
				28A196DE2A3496E70080AC1D /* PokemonType.swift */,
				284633072A34ADF500ACECEC /* EvolutionChain.swift */,
				28F7C9612A4A2F6900500F0C /* Badge.swift */,
				28F7C9572A4A0F2B00500F0C /* Trainer.swift */,
				28F7C9592A4A0F8500500F0C /* Gym.swift */,
			);
			path = Entities;
			sourceTree = "<group>";
		};
		28B71E382A312787006BC32F = {
			isa = PBXGroup;
			children = (
				28B71E432A312787006BC32F /* PokePlay */,
				28B71E542A312788006BC32F /* PokePlayTests */,
				28B71E5E2A312788006BC32F /* PokePlayUITests */,
				28B71E422A312787006BC32F /* Products */,
			);
			sourceTree = "<group>";
		};
		28B71E422A312787006BC32F /* Products */ = {
			isa = PBXGroup;
			children = (
				28B71E412A312787006BC32F /* PokePlay.app */,
				28B71E512A312788006BC32F /* PokePlayTests.xctest */,
				28B71E5B2A312788006BC32F /* PokePlayUITests.xctest */,
			);
			name = Products;
			sourceTree = "<group>";
		};
		28B71E432A312787006BC32F /* PokePlay */ = {
			isa = PBXGroup;
			children = (
				282D98B62A34BB420023616F /* Screens */,
				28A196D62A3496380080AC1D /* Entities */,
				28B71E9E2A3161B0006BC32F /* Components */,
				28B71E8D2A316045006BC32F /* Images */,
				28B71E8A2A315A52006BC32F /* Utils */,
				28B71E482A312788006BC32F /* Assets.xcassets */,
				28B71E4A2A312788006BC32F /* Preview Content */,
				28B71E702A3135A6006BC32F /* Data */,
				28B71E442A312787006BC32F /* PokePlayApp.swift */,
			);
			path = PokePlay;
			sourceTree = "<group>";
		};
		28B71E4A2A312788006BC32F /* Preview Content */ = {
			isa = PBXGroup;
			children = (
				28B71E4B2A312788006BC32F /* Preview Assets.xcassets */,
			);
			path = "Preview Content";
			sourceTree = "<group>";
		};
		28B71E542A312788006BC32F /* PokePlayTests */ = {
			isa = PBXGroup;
			children = (
				28B71E552A312788006BC32F /* PokePlayTests.swift */,
			);
			path = PokePlayTests;
			sourceTree = "<group>";
		};
		28B71E5E2A312788006BC32F /* PokePlayUITests */ = {
			isa = PBXGroup;
			children = (
				28B71E5F2A312788006BC32F /* PokePlayUITests.swift */,
				28B71E612A312788006BC32F /* PokePlayUITestsLaunchTests.swift */,
			);
			path = PokePlayUITests;
			sourceTree = "<group>";
		};
		28B71E702A3135A6006BC32F /* Data */ = {
			isa = PBXGroup;
			children = (
				28B71E752A313C0F006BC32F /* PokemonStaticData.plist */,
			);
			path = Data;
			sourceTree = "<group>";
		};
		28B71E8A2A315A52006BC32F /* Utils */ = {
			isa = PBXGroup;
			children = (
				286B93132A3B6E6000247EBE /* BattleUtils */,
				2841563B2A388E2E00FE5F19 /* DataUtils */,
				28B71EA62A320E3B006BC32F /* PokeUtils.swift */,
				284633052A349FC800ACECEC /* Color.swift */,
			);
			path = Utils;
			sourceTree = "<group>";
		};
		28B71E8D2A316045006BC32F /* Images */ = {
			isa = PBXGroup;
			children = (
				287E3F852A44FD15003F895B /* question-mark-pixelated-white.png */,
				2862AEB72A40D2E900F793B0 /* poke-center-healing-still.png */,
				2862AEB82A40D2E900F793B0 /* poke-center-healing.gif */,
				28B71E8E2A316045006BC32F /* tall-grass-walking.gif */,
				28B71E8F2A316045006BC32F /* tall-grass-walking-still.png */,
				28B71E902A316045006BC32F /* pokeplay-logo.png */,
				28B71E912A316045006BC32F /* pkmn-male-still.png */,
				28B71E922A316045006BC32F /* pkmn-male.gif */,
				28B71E932A316045006BC32F /* pkmn-female-still.png */,
				28B71E942A316045006BC32F /* pkmn-female.gif */,
				28B71E952A316045006BC32F /* question-mark-pixelated.png */,
			);
			path = Images;
			sourceTree = "<group>";
		};
		28B71E9E2A3161B0006BC32F /* Components */ = {
			isa = PBXGroup;
			children = (
				282D98C82A3501680023616F /* PokemonCardSmall.swift */,
				28F7C9652A4A439B00500F0C /* GymCardSmall.swift */,
			);
			path = Components;
			sourceTree = "<group>";
		};
/* End PBXGroup section */

/* Begin PBXNativeTarget section */
		28B71E402A312787006BC32F /* PokePlay */ = {
			isa = PBXNativeTarget;
			buildConfigurationList = 28B71E652A312788006BC32F /* Build configuration list for PBXNativeTarget "PokePlay" */;
			buildPhases = (
				28B71E3D2A312787006BC32F /* Sources */,
				28B71E3E2A312787006BC32F /* Frameworks */,
				28B71E3F2A312787006BC32F /* Resources */,
			);
			buildRules = (
			);
			dependencies = (
			);
			name = PokePlay;
			packageProductDependencies = (
				28B71EA22A31F164006BC32F /* SDWebImageSwiftUI */,
				286C05C72A48A7E800F42FE7 /* ModalView */,
			);
			productName = PokePlay;
			productReference = 28B71E412A312787006BC32F /* PokePlay.app */;
			productType = "com.apple.product-type.application";
		};
		28B71E502A312788006BC32F /* PokePlayTests */ = {
			isa = PBXNativeTarget;
			buildConfigurationList = 28B71E682A312788006BC32F /* Build configuration list for PBXNativeTarget "PokePlayTests" */;
			buildPhases = (
				28B71E4D2A312788006BC32F /* Sources */,
				28B71E4E2A312788006BC32F /* Frameworks */,
				28B71E4F2A312788006BC32F /* Resources */,
			);
			buildRules = (
			);
			dependencies = (
				28B71E532A312788006BC32F /* PBXTargetDependency */,
			);
			name = PokePlayTests;
			productName = PokePlayTests;
			productReference = 28B71E512A312788006BC32F /* PokePlayTests.xctest */;
			productType = "com.apple.product-type.bundle.unit-test";
		};
		28B71E5A2A312788006BC32F /* PokePlayUITests */ = {
			isa = PBXNativeTarget;
			buildConfigurationList = 28B71E6B2A312788006BC32F /* Build configuration list for PBXNativeTarget "PokePlayUITests" */;
			buildPhases = (
				28B71E572A312788006BC32F /* Sources */,
				28B71E582A312788006BC32F /* Frameworks */,
				28B71E592A312788006BC32F /* Resources */,
			);
			buildRules = (
			);
			dependencies = (
				28B71E5D2A312788006BC32F /* PBXTargetDependency */,
			);
			name = PokePlayUITests;
			productName = PokePlayUITests;
			productReference = 28B71E5B2A312788006BC32F /* PokePlayUITests.xctest */;
			productType = "com.apple.product-type.bundle.ui-testing";
		};
/* End PBXNativeTarget section */

/* Begin PBXProject section */
		28B71E392A312787006BC32F /* Project object */ = {
			isa = PBXProject;
			attributes = {
				BuildIndependentTargetsInParallel = 1;
				LastSwiftUpdateCheck = 1430;
				LastUpgradeCheck = 1430;
				TargetAttributes = {
					28B71E402A312787006BC32F = {
						CreatedOnToolsVersion = 14.3.1;
					};
					28B71E502A312788006BC32F = {
						CreatedOnToolsVersion = 14.3.1;
						TestTargetID = 28B71E402A312787006BC32F;
					};
					28B71E5A2A312788006BC32F = {
						CreatedOnToolsVersion = 14.3.1;
						TestTargetID = 28B71E402A312787006BC32F;
					};
				};
			};
			buildConfigurationList = 28B71E3C2A312787006BC32F /* Build configuration list for PBXProject "PokePlay" */;
			compatibilityVersion = "Xcode 14.0";
			developmentRegion = en;
			hasScannedForEncodings = 0;
			knownRegions = (
				en,
				Base,
			);
			mainGroup = 28B71E382A312787006BC32F;
			packageReferences = (
				28B71EA12A31F164006BC32F /* XCRemoteSwiftPackageReference "SDWebImageSwiftUI" */,
				286C05C62A48A7E800F42FE7 /* XCRemoteSwiftPackageReference "modal-view" */,
			);
			productRefGroup = 28B71E422A312787006BC32F /* Products */;
			projectDirPath = "";
			projectRoot = "";
			targets = (
				28B71E402A312787006BC32F /* PokePlay */,
				28B71E502A312788006BC32F /* PokePlayTests */,
				28B71E5A2A312788006BC32F /* PokePlayUITests */,
			);
		};
/* End PBXProject section */

/* Begin PBXResourcesBuildPhase section */
		28B71E3F2A312787006BC32F /* Resources */ = {
			isa = PBXResourcesBuildPhase;
			buildActionMask = 2147483647;
			files = (
				2862AEB92A40D2E900F793B0 /* poke-center-healing-still.png in Resources */,
				2862AEBA2A40D2E900F793B0 /* poke-center-healing.gif in Resources */,
				28B71E962A316057006BC32F /* tall-grass-walking.gif in Resources */,
				28B71E972A316057006BC32F /* tall-grass-walking-still.png in Resources */,
				28B71E982A316057006BC32F /* pokeplay-logo.png in Resources */,
				28B71E992A316057006BC32F /* pkmn-male-still.png in Resources */,
				28B71E9A2A316057006BC32F /* pkmn-male.gif in Resources */,
				287E3F862A44FD15003F895B /* question-mark-pixelated-white.png in Resources */,
				28B71E9B2A316057006BC32F /* pkmn-female-still.png in Resources */,
				28B71E9C2A316057006BC32F /* pkmn-female.gif in Resources */,
				28B71E9D2A316057006BC32F /* question-mark-pixelated.png in Resources */,
				28B71E4C2A312788006BC32F /* Preview Assets.xcassets in Resources */,
				28B71E492A312788006BC32F /* Assets.xcassets in Resources */,
				28B71E762A313C0F006BC32F /* PokemonStaticData.plist in Resources */,
			);
			runOnlyForDeploymentPostprocessing = 0;
		};
		28B71E4F2A312788006BC32F /* Resources */ = {
			isa = PBXResourcesBuildPhase;
			buildActionMask = 2147483647;
			files = (
			);
			runOnlyForDeploymentPostprocessing = 0;
		};
		28B71E592A312788006BC32F /* Resources */ = {
			isa = PBXResourcesBuildPhase;
			buildActionMask = 2147483647;
			files = (
			);
			runOnlyForDeploymentPostprocessing = 0;
		};
/* End PBXResourcesBuildPhase section */

/* Begin PBXSourcesBuildPhase section */
		28B71E3D2A312787006BC32F /* Sources */ = {
			isa = PBXSourcesBuildPhase;
			buildActionMask = 2147483647;
			files = (
				28A196D92A3496480080AC1D /* Pokemon.swift in Sources */,
				28F7C9622A4A2F6900500F0C /* Badge.swift in Sources */,
				28A196DD2A3496CA0080AC1D /* Move.swift in Sources */,
				282D98C32A34F27E0023616F /* Pokedex.swift in Sources */,
				284633062A349FC800ACECEC /* Color.swift in Sources */,
				28A196DB2A34968B0080AC1D /* Stat.swift in Sources */,
				28B71E472A312787006BC32F /* SplashScreen.swift in Sources */,
				282D98CD2A35372A0023616F /* PokemonTeam.swift in Sources */,
				28F7C95C2A4A13A100500F0C /* KantoGyms.swift in Sources */,
				28B71E452A312787006BC32F /* PokePlayApp.swift in Sources */,
				286B93152A3B6E6C00247EBE /* Weakness.swift in Sources */,
				28F7C9642A4A33EA00500F0C /* GymsView.swift in Sources */,
				28F7C9582A4A0F2B00500F0C /* Trainer.swift in Sources */,
				282D98CB2A3506610023616F /* PokemonDetailsView.swift in Sources */,
				2841563D2A388E4B00FE5F19 /* PokemonDataUtils.swift in Sources */,
				282D98C72A3500A50023616F /* PokedexView.swift in Sources */,
				282D98BD2A34E8500023616F /* WildernessView.swift in Sources */,
				28F7C9662A4A439B00500F0C /* GymCardSmall.swift in Sources */,
				282D98BA2A34BB710023616F /* HomeScreen.swift in Sources */,
				2862AEB22A40CE9400F793B0 /* PokeCenterView.swift in Sources */,
				28B71E782A313D91006BC32F /* StartingScreen.swift in Sources */,
				28B71E7A2A314580006BC32F /* SelectCharacterScreen.swift in Sources */,
				28A196DF2A3496E70080AC1D /* PokemonType.swift in Sources */,
				282D98C92A3501680023616F /* PokemonCardSmall.swift in Sources */,
				2841563F2A388EB400FE5F19 /* EvolutionChainDataUtils.swift in Sources */,
				287FF1732A3DCBF000D90B79 /* PokemonFightView.swift in Sources */,
				28B71EA72A320E3B006BC32F /* PokeUtils.swift in Sources */,
				28F7C95A2A4A0F8500500F0C /* Gym.swift in Sources */,
				284156472A38A37B00FE5F19 /* PokemonTeamListView.swift in Sources */,
				284156452A388F4200FE5F19 /* PokemonTeamDataUtils.swift in Sources */,
				28F7C9602A4A2F3200500F0C /* BadgeUtils.swift in Sources */,
				28B71EA52A3208C4006BC32F /* SelectStarterScreen.swift in Sources */,
				287FF1702A3DCAF000D90B79 /* CpuFight.swift in Sources */,
				284156412A388F0C00FE5F19 /* PokedexDataUtils.swift in Sources */,
				284633082A34ADF500ACECEC /* EvolutionChain.swift in Sources */,
				286C05C52A48A5E700F42FE7 /* Bag.swift in Sources */,
			);
			runOnlyForDeploymentPostprocessing = 0;
		};
		28B71E4D2A312788006BC32F /* Sources */ = {
			isa = PBXSourcesBuildPhase;
			buildActionMask = 2147483647;
			files = (
				28B71E562A312788006BC32F /* PokePlayTests.swift in Sources */,
			);
			runOnlyForDeploymentPostprocessing = 0;
		};
		28B71E572A312788006BC32F /* Sources */ = {
			isa = PBXSourcesBuildPhase;
			buildActionMask = 2147483647;
			files = (
				28B71E622A312788006BC32F /* PokePlayUITestsLaunchTests.swift in Sources */,
				28B71E602A312788006BC32F /* PokePlayUITests.swift in Sources */,
			);
			runOnlyForDeploymentPostprocessing = 0;
		};
/* End PBXSourcesBuildPhase section */

/* Begin PBXTargetDependency section */
		28B71E532A312788006BC32F /* PBXTargetDependency */ = {
			isa = PBXTargetDependency;
			target = 28B71E402A312787006BC32F /* PokePlay */;
			targetProxy = 28B71E522A312788006BC32F /* PBXContainerItemProxy */;
		};
		28B71E5D2A312788006BC32F /* PBXTargetDependency */ = {
			isa = PBXTargetDependency;
			target = 28B71E402A312787006BC32F /* PokePlay */;
			targetProxy = 28B71E5C2A312788006BC32F /* PBXContainerItemProxy */;
		};
/* End PBXTargetDependency section */

/* Begin XCBuildConfiguration section */
		28B71E632A312788006BC32F /* Debug */ = {
			isa = XCBuildConfiguration;
			buildSettings = {
				ALWAYS_SEARCH_USER_PATHS = NO;
				CLANG_ANALYZER_NONNULL = YES;
				CLANG_ANALYZER_NUMBER_OBJECT_CONVERSION = YES_AGGRESSIVE;
				CLANG_CXX_LANGUAGE_STANDARD = "gnu++20";
				CLANG_ENABLE_MODULES = YES;
				CLANG_ENABLE_OBJC_ARC = YES;
				CLANG_ENABLE_OBJC_WEAK = YES;
				CLANG_WARN_BLOCK_CAPTURE_AUTORELEASING = YES;
				CLANG_WARN_BOOL_CONVERSION = YES;
				CLANG_WARN_COMMA = YES;
				CLANG_WARN_CONSTANT_CONVERSION = YES;
				CLANG_WARN_DEPRECATED_OBJC_IMPLEMENTATIONS = YES;
				CLANG_WARN_DIRECT_OBJC_ISA_USAGE = YES_ERROR;
				CLANG_WARN_DOCUMENTATION_COMMENTS = YES;
				CLANG_WARN_EMPTY_BODY = YES;
				CLANG_WARN_ENUM_CONVERSION = YES;
				CLANG_WARN_INFINITE_RECURSION = YES;
				CLANG_WARN_INT_CONVERSION = YES;
				CLANG_WARN_NON_LITERAL_NULL_CONVERSION = YES;
				CLANG_WARN_OBJC_IMPLICIT_RETAIN_SELF = YES;
				CLANG_WARN_OBJC_LITERAL_CONVERSION = YES;
				CLANG_WARN_OBJC_ROOT_CLASS = YES_ERROR;
				CLANG_WARN_QUOTED_INCLUDE_IN_FRAMEWORK_HEADER = YES;
				CLANG_WARN_RANGE_LOOP_ANALYSIS = YES;
				CLANG_WARN_STRICT_PROTOTYPES = YES;
				CLANG_WARN_SUSPICIOUS_MOVE = YES;
				CLANG_WARN_UNGUARDED_AVAILABILITY = YES_AGGRESSIVE;
				CLANG_WARN_UNREACHABLE_CODE = YES;
				CLANG_WARN__DUPLICATE_METHOD_MATCH = YES;
				COPY_PHASE_STRIP = NO;
				DEBUG_INFORMATION_FORMAT = dwarf;
				ENABLE_STRICT_OBJC_MSGSEND = YES;
				ENABLE_TESTABILITY = YES;
				GCC_C_LANGUAGE_STANDARD = gnu11;
				GCC_DYNAMIC_NO_PIC = NO;
				GCC_NO_COMMON_BLOCKS = YES;
				GCC_OPTIMIZATION_LEVEL = 0;
				GCC_PREPROCESSOR_DEFINITIONS = (
					"DEBUG=1",
					"$(inherited)",
				);
				GCC_WARN_64_TO_32_BIT_CONVERSION = YES;
				GCC_WARN_ABOUT_RETURN_TYPE = YES_ERROR;
				GCC_WARN_UNDECLARED_SELECTOR = YES;
				GCC_WARN_UNINITIALIZED_AUTOS = YES_AGGRESSIVE;
				GCC_WARN_UNUSED_FUNCTION = YES;
				GCC_WARN_UNUSED_VARIABLE = YES;
				IPHONEOS_DEPLOYMENT_TARGET = 16.4;
				MTL_ENABLE_DEBUG_INFO = INCLUDE_SOURCE;
				MTL_FAST_MATH = YES;
				ONLY_ACTIVE_ARCH = YES;
				SDKROOT = iphoneos;
				SWIFT_ACTIVE_COMPILATION_CONDITIONS = DEBUG;
				SWIFT_OPTIMIZATION_LEVEL = "-Onone";
			};
			name = Debug;
		};
		28B71E642A312788006BC32F /* Release */ = {
			isa = XCBuildConfiguration;
			buildSettings = {
				ALWAYS_SEARCH_USER_PATHS = NO;
				CLANG_ANALYZER_NONNULL = YES;
				CLANG_ANALYZER_NUMBER_OBJECT_CONVERSION = YES_AGGRESSIVE;
				CLANG_CXX_LANGUAGE_STANDARD = "gnu++20";
				CLANG_ENABLE_MODULES = YES;
				CLANG_ENABLE_OBJC_ARC = YES;
				CLANG_ENABLE_OBJC_WEAK = YES;
				CLANG_WARN_BLOCK_CAPTURE_AUTORELEASING = YES;
				CLANG_WARN_BOOL_CONVERSION = YES;
				CLANG_WARN_COMMA = YES;
				CLANG_WARN_CONSTANT_CONVERSION = YES;
				CLANG_WARN_DEPRECATED_OBJC_IMPLEMENTATIONS = YES;
				CLANG_WARN_DIRECT_OBJC_ISA_USAGE = YES_ERROR;
				CLANG_WARN_DOCUMENTATION_COMMENTS = YES;
				CLANG_WARN_EMPTY_BODY = YES;
				CLANG_WARN_ENUM_CONVERSION = YES;
				CLANG_WARN_INFINITE_RECURSION = YES;
				CLANG_WARN_INT_CONVERSION = YES;
				CLANG_WARN_NON_LITERAL_NULL_CONVERSION = YES;
				CLANG_WARN_OBJC_IMPLICIT_RETAIN_SELF = YES;
				CLANG_WARN_OBJC_LITERAL_CONVERSION = YES;
				CLANG_WARN_OBJC_ROOT_CLASS = YES_ERROR;
				CLANG_WARN_QUOTED_INCLUDE_IN_FRAMEWORK_HEADER = YES;
				CLANG_WARN_RANGE_LOOP_ANALYSIS = YES;
				CLANG_WARN_STRICT_PROTOTYPES = YES;
				CLANG_WARN_SUSPICIOUS_MOVE = YES;
				CLANG_WARN_UNGUARDED_AVAILABILITY = YES_AGGRESSIVE;
				CLANG_WARN_UNREACHABLE_CODE = YES;
				CLANG_WARN__DUPLICATE_METHOD_MATCH = YES;
				COPY_PHASE_STRIP = NO;
				DEBUG_INFORMATION_FORMAT = "dwarf-with-dsym";
				ENABLE_NS_ASSERTIONS = NO;
				ENABLE_STRICT_OBJC_MSGSEND = YES;
				GCC_C_LANGUAGE_STANDARD = gnu11;
				GCC_NO_COMMON_BLOCKS = YES;
				GCC_WARN_64_TO_32_BIT_CONVERSION = YES;
				GCC_WARN_ABOUT_RETURN_TYPE = YES_ERROR;
				GCC_WARN_UNDECLARED_SELECTOR = YES;
				GCC_WARN_UNINITIALIZED_AUTOS = YES_AGGRESSIVE;
				GCC_WARN_UNUSED_FUNCTION = YES;
				GCC_WARN_UNUSED_VARIABLE = YES;
				IPHONEOS_DEPLOYMENT_TARGET = 16.4;
				MTL_ENABLE_DEBUG_INFO = NO;
				MTL_FAST_MATH = YES;
				SDKROOT = iphoneos;
				SWIFT_COMPILATION_MODE = wholemodule;
				SWIFT_OPTIMIZATION_LEVEL = "-O";
				VALIDATE_PRODUCT = YES;
			};
			name = Release;
		};
		28B71E662A312788006BC32F /* Debug */ = {
			isa = XCBuildConfiguration;
			buildSettings = {
				ASSETCATALOG_COMPILER_APPICON_NAME = AppIcon;
				ASSETCATALOG_COMPILER_GLOBAL_ACCENT_COLOR_NAME = AccentColor;
				CODE_SIGN_STYLE = Automatic;
				CURRENT_PROJECT_VERSION = 1;
				DEVELOPMENT_ASSET_PATHS = "\"PokePlay/Preview Content\"";
				DEVELOPMENT_TEAM = 63W3LVCDHC;
				ENABLE_PREVIEWS = YES;
				GENERATE_INFOPLIST_FILE = YES;
				INFOPLIST_KEY_UIApplicationSceneManifest_Generation = YES;
				INFOPLIST_KEY_UIApplicationSupportsIndirectInputEvents = YES;
				INFOPLIST_KEY_UILaunchScreen_Generation = YES;
				INFOPLIST_KEY_UISupportedInterfaceOrientations_iPad = "UIInterfaceOrientationPortrait UIInterfaceOrientationPortraitUpsideDown UIInterfaceOrientationLandscapeLeft UIInterfaceOrientationLandscapeRight";
				INFOPLIST_KEY_UISupportedInterfaceOrientations_iPhone = "UIInterfaceOrientationPortrait UIInterfaceOrientationLandscapeLeft UIInterfaceOrientationLandscapeRight";
				LD_RUNPATH_SEARCH_PATHS = (
					"$(inherited)",
					"@executable_path/Frameworks",
				);
				MARKETING_VERSION = 1.0;
				PRODUCT_BUNDLE_IDENTIFIER = codes.paiva.PokePlay;
				PRODUCT_NAME = "$(TARGET_NAME)";
				SWIFT_EMIT_LOC_STRINGS = YES;
				SWIFT_VERSION = 5.0;
				TARGETED_DEVICE_FAMILY = "1,2";
			};
			name = Debug;
		};
		28B71E672A312788006BC32F /* Release */ = {
			isa = XCBuildConfiguration;
			buildSettings = {
				ASSETCATALOG_COMPILER_APPICON_NAME = AppIcon;
				ASSETCATALOG_COMPILER_GLOBAL_ACCENT_COLOR_NAME = AccentColor;
				CODE_SIGN_STYLE = Automatic;
				CURRENT_PROJECT_VERSION = 1;
				DEVELOPMENT_ASSET_PATHS = "\"PokePlay/Preview Content\"";
				DEVELOPMENT_TEAM = 63W3LVCDHC;
				ENABLE_PREVIEWS = YES;
				GENERATE_INFOPLIST_FILE = YES;
				INFOPLIST_KEY_UIApplicationSceneManifest_Generation = YES;
				INFOPLIST_KEY_UIApplicationSupportsIndirectInputEvents = YES;
				INFOPLIST_KEY_UILaunchScreen_Generation = YES;
				INFOPLIST_KEY_UISupportedInterfaceOrientations_iPad = "UIInterfaceOrientationPortrait UIInterfaceOrientationPortraitUpsideDown UIInterfaceOrientationLandscapeLeft UIInterfaceOrientationLandscapeRight";
				INFOPLIST_KEY_UISupportedInterfaceOrientations_iPhone = "UIInterfaceOrientationPortrait UIInterfaceOrientationLandscapeLeft UIInterfaceOrientationLandscapeRight";
				LD_RUNPATH_SEARCH_PATHS = (
					"$(inherited)",
					"@executable_path/Frameworks",
				);
				MARKETING_VERSION = 1.0;
				PRODUCT_BUNDLE_IDENTIFIER = codes.paiva.PokePlay;
				PRODUCT_NAME = "$(TARGET_NAME)";
				SWIFT_EMIT_LOC_STRINGS = YES;
				SWIFT_VERSION = 5.0;
				TARGETED_DEVICE_FAMILY = "1,2";
			};
			name = Release;
		};
		28B71E692A312788006BC32F /* Debug */ = {
			isa = XCBuildConfiguration;
			buildSettings = {
				ALWAYS_EMBED_SWIFT_STANDARD_LIBRARIES = YES;
				BUNDLE_LOADER = "$(TEST_HOST)";
				CODE_SIGN_STYLE = Automatic;
				CURRENT_PROJECT_VERSION = 1;
				DEVELOPMENT_TEAM = 63W3LVCDHC;
				GENERATE_INFOPLIST_FILE = YES;
				IPHONEOS_DEPLOYMENT_TARGET = 16.4;
				MARKETING_VERSION = 1.0;
				PRODUCT_BUNDLE_IDENTIFIER = codes.paiva.PokePlayTests;
				PRODUCT_NAME = "$(TARGET_NAME)";
				SWIFT_EMIT_LOC_STRINGS = NO;
				SWIFT_VERSION = 5.0;
				TARGETED_DEVICE_FAMILY = "1,2";
				TEST_HOST = "$(BUILT_PRODUCTS_DIR)/PokePlay.app/$(BUNDLE_EXECUTABLE_FOLDER_PATH)/PokePlay";
			};
			name = Debug;
		};
		28B71E6A2A312788006BC32F /* Release */ = {
			isa = XCBuildConfiguration;
			buildSettings = {
				ALWAYS_EMBED_SWIFT_STANDARD_LIBRARIES = YES;
				BUNDLE_LOADER = "$(TEST_HOST)";
				CODE_SIGN_STYLE = Automatic;
				CURRENT_PROJECT_VERSION = 1;
				DEVELOPMENT_TEAM = 63W3LVCDHC;
				GENERATE_INFOPLIST_FILE = YES;
				IPHONEOS_DEPLOYMENT_TARGET = 16.4;
				MARKETING_VERSION = 1.0;
				PRODUCT_BUNDLE_IDENTIFIER = codes.paiva.PokePlayTests;
				PRODUCT_NAME = "$(TARGET_NAME)";
				SWIFT_EMIT_LOC_STRINGS = NO;
				SWIFT_VERSION = 5.0;
				TARGETED_DEVICE_FAMILY = "1,2";
				TEST_HOST = "$(BUILT_PRODUCTS_DIR)/PokePlay.app/$(BUNDLE_EXECUTABLE_FOLDER_PATH)/PokePlay";
			};
			name = Release;
		};
		28B71E6C2A312788006BC32F /* Debug */ = {
			isa = XCBuildConfiguration;
			buildSettings = {
				ALWAYS_EMBED_SWIFT_STANDARD_LIBRARIES = YES;
				CODE_SIGN_STYLE = Automatic;
				CURRENT_PROJECT_VERSION = 1;
				DEVELOPMENT_TEAM = 63W3LVCDHC;
				GENERATE_INFOPLIST_FILE = YES;
				MARKETING_VERSION = 1.0;
				PRODUCT_BUNDLE_IDENTIFIER = codes.paiva.PokePlayUITests;
				PRODUCT_NAME = "$(TARGET_NAME)";
				SWIFT_EMIT_LOC_STRINGS = NO;
				SWIFT_VERSION = 5.0;
				TARGETED_DEVICE_FAMILY = "1,2";
				TEST_TARGET_NAME = PokePlay;
			};
			name = Debug;
		};
		28B71E6D2A312788006BC32F /* Release */ = {
			isa = XCBuildConfiguration;
			buildSettings = {
				ALWAYS_EMBED_SWIFT_STANDARD_LIBRARIES = YES;
				CODE_SIGN_STYLE = Automatic;
				CURRENT_PROJECT_VERSION = 1;
				DEVELOPMENT_TEAM = 63W3LVCDHC;
				GENERATE_INFOPLIST_FILE = YES;
				MARKETING_VERSION = 1.0;
				PRODUCT_BUNDLE_IDENTIFIER = codes.paiva.PokePlayUITests;
				PRODUCT_NAME = "$(TARGET_NAME)";
				SWIFT_EMIT_LOC_STRINGS = NO;
				SWIFT_VERSION = 5.0;
				TARGETED_DEVICE_FAMILY = "1,2";
				TEST_TARGET_NAME = PokePlay;
			};
			name = Release;
		};
/* End XCBuildConfiguration section */

/* Begin XCConfigurationList section */
		28B71E3C2A312787006BC32F /* Build configuration list for PBXProject "PokePlay" */ = {
			isa = XCConfigurationList;
			buildConfigurations = (
				28B71E632A312788006BC32F /* Debug */,
				28B71E642A312788006BC32F /* Release */,
			);
			defaultConfigurationIsVisible = 0;
			defaultConfigurationName = Release;
		};
		28B71E652A312788006BC32F /* Build configuration list for PBXNativeTarget "PokePlay" */ = {
			isa = XCConfigurationList;
			buildConfigurations = (
				28B71E662A312788006BC32F /* Debug */,
				28B71E672A312788006BC32F /* Release */,
			);
			defaultConfigurationIsVisible = 0;
			defaultConfigurationName = Release;
		};
		28B71E682A312788006BC32F /* Build configuration list for PBXNativeTarget "PokePlayTests" */ = {
			isa = XCConfigurationList;
			buildConfigurations = (
				28B71E692A312788006BC32F /* Debug */,
				28B71E6A2A312788006BC32F /* Release */,
			);
			defaultConfigurationIsVisible = 0;
			defaultConfigurationName = Release;
		};
		28B71E6B2A312788006BC32F /* Build configuration list for PBXNativeTarget "PokePlayUITests" */ = {
			isa = XCConfigurationList;
			buildConfigurations = (
				28B71E6C2A312788006BC32F /* Debug */,
				28B71E6D2A312788006BC32F /* Release */,
			);
			defaultConfigurationIsVisible = 0;
			defaultConfigurationName = Release;
		};
/* End XCConfigurationList section */

/* Begin XCRemoteSwiftPackageReference section */
		286C05C62A48A7E800F42FE7 /* XCRemoteSwiftPackageReference "modal-view" */ = {
			isa = XCRemoteSwiftPackageReference;
			repositoryURL = "https://github.com/diniska/modal-view";
			requirement = {
				kind = upToNextMajorVersion;
				minimumVersion = 1.0.0;
			};
		};
		28B71EA12A31F164006BC32F /* XCRemoteSwiftPackageReference "SDWebImageSwiftUI" */ = {
			isa = XCRemoteSwiftPackageReference;
			repositoryURL = "https://github.com/SDWebImage/SDWebImageSwiftUI.git";
			requirement = {
				kind = upToNextMajorVersion;
				minimumVersion = 2.0.0;
			};
		};
/* End XCRemoteSwiftPackageReference section */

/* Begin XCSwiftPackageProductDependency section */
		286C05C72A48A7E800F42FE7 /* ModalView */ = {
			isa = XCSwiftPackageProductDependency;
			package = 286C05C62A48A7E800F42FE7 /* XCRemoteSwiftPackageReference "modal-view" */;
			productName = ModalView;
		};
		28B71EA22A31F164006BC32F /* SDWebImageSwiftUI */ = {
			isa = XCSwiftPackageProductDependency;
			package = 28B71EA12A31F164006BC32F /* XCRemoteSwiftPackageReference "SDWebImageSwiftUI" */;
			productName = SDWebImageSwiftUI;
		};
/* End XCSwiftPackageProductDependency section */
	};
	rootObject = 28B71E392A312787006BC32F /* Project object */;
}
